
Microsoft Visual Studio Solution File, Format Version 12.00
Project("{FAE04EC0-301F-11D3-BF4B-00C04F79EFBC}") = "SynapseTechAssessment.App.Console", "SynapseTechAssessment.App.Console\SynapseTechAssessment.App.Console.csproj", "{F00C03EC-7A90-4C3D-9211-AC87DD063D1A}"
EndProject
Project("{2150E333-8FDC-42A3-9474-1A3956D46DE8}") = "SolutionItems", "SolutionItems", "{5D897DCF-394B-4F73-855B-FD3046893C57}"
	ProjectSection(SolutionItems) = preProject
		..\README.md = ..\README.md
		..\SignalBooster_Assignment.docx = ..\SignalBooster_Assignment.docx
		..\expected_output1.json = ..\expected_output1.json
	EndProjectSection
EndProject
Global
	GlobalSection(SolutionConfigurationPlatforms) = preSolution
		Debug|Any CPU = Debug|Any CPU
		Release|Any CPU = Release|Any CPU
	EndGlobalSection
	GlobalSection(ProjectConfigurationPlatforms) = postSolution
		{F00C03EC-7A90-4C3D-9211-AC87DD063D1A}.Debug|Any CPU.ActiveCfg = Debug|Any CPU
		{F00C03EC-7A90-4C3D-9211-AC87DD063D1A}.Debug|Any CPU.Build.0 = Debug|Any CPU
		{F00C03EC-7A90-4C3D-9211-AC87DD063D1A}.Release|Any CPU.ActiveCfg = Release|Any CPU
		{F00C03EC-7A90-4C3D-9211-AC87DD063D1A}.Release|Any CPU.Build.0 = Release|Any CPU
	EndGlobalSection
EndGlobal
